
Microsoft Visual Studio Solution File, Format Version 12.00
# Visual Studio Version 17
VisualStudioVersion = 17.8.34330.188
MinimumVisualStudioVersion = 10.0.40219.1
Project("{FAE04EC0-301F-11D3-BF4B-00C04F79EFBC}") = "StudentInformation", "StudentInformation\StudentInformation.csproj", "{70CF30D9-D45C-4F03-9EAB-990D1D502A7F}"
EndProject
Global
	GlobalSection(SolutionConfigurationPlatforms) = preSolution
		Debug|Any CPU = Debug|Any CPU
		Release|Any CPU = Release|Any CPU
	EndGlobalSection
	GlobalSection(ProjectConfigurationPlatforms) = postSolution
		{70CF30D9-D45C-4F03-9EAB-990D1D502A7F}.Debug|Any CPU.ActiveCfg = Debug|Any CPU
		{70CF30D9-D45C-4F03-9EAB-990D1D502A7F}.Debug|Any CPU.Build.0 = Debug|Any CPU
		{70CF30D9-D45C-4F03-9EAB-990D1D502A7F}.Release|Any CPU.ActiveCfg = Release|Any CPU
		{70CF30D9-D45C-4F03-9EAB-990D1D502A7F}.Release|Any CPU.Build.0 = Release|Any CPU
	EndGlobalSection
	GlobalSection(SolutionProperties) = preSolution
		HideSolutionNode = FALSE
	EndGlobalSection
	GlobalSection(ExtensibilityGlobals) = postSolution
		SolutionGuid = {49D2D712-BD26-4DDE-8A7E-00EE7790A332}
	EndGlobalSection
EndGlobal
